# This file is autogenerated, do not edit; changes may be undone by the next 'dep ensure'.


[[projects]]
  branch = "master"
  name = "github.com/therecipe/qt"
  packages = [".","core","gui","widgets"]
  revision = "599f8bc2c975802ea592c43d110209f0a267b188"

[solve-meta]
  analyzer-name = "dep"
  analyzer-version = 1
  inputs-digest = "c589f031de734d5d11bf39589b7efa19881c51d694a8cbcb16eb2e5f7fab3540"
  solver-name = "gps-cdcl"
  solver-version = 1
